
Microsoft Visual Studio Solution File, Format Version 12.00
# Visual Studio Version 17
VisualStudioVersion = 17.5.002.0
MinimumVisualStudioVersion = 10.0.40219.1
Project("{9A19103F-16F7-4668-BE54-9A1E7A4F7556}") = "sampleDotnetProject", "sampleDotnetProject.csproj", "{B6B5BE47-D8D3-4037-8060-A654A4B6877B}"
EndProject
Global
	GlobalSection(SolutionConfigurationPlatforms) = preSolution
		Debug|Any CPU = Debug|Any CPU
		Release|Any CPU = Release|Any CPU
	EndGlobalSection
	GlobalSection(ProjectConfigurationPlatforms) = postSolution
		{B6B5BE47-D8D3-4037-8060-A654A4B6877B}.Debug|Any CPU.ActiveCfg = Debug|Any CPU
		{B6B5BE47-D8D3-4037-8060-A654A4B6877B}.Debug|Any CPU.Build.0 = Debug|Any CPU
		{B6B5BE47-D8D3-4037-8060-A654A4B6877B}.Release|Any CPU.ActiveCfg = Release|Any CPU
		{B6B5BE47-D8D3-4037-8060-A654A4B6877B}.Release|Any CPU.Build.0 = Release|Any CPU
	EndGlobalSection
	GlobalSection(SolutionProperties) = preSolution
		HideSolutionNode = FALSE
	EndGlobalSection
	GlobalSection(ExtensibilityGlobals) = postSolution
		SolutionGuid = {A7CE4D8A-EC0E-43E0-B8BE-748B2AD798D6}
	EndGlobalSection
EndGlobal
